
Microsoft Visual Studio Solution File, Format Version 12.00
# Visual Studio Version 17
VisualStudioVersion = 17.2.32616.157
MinimumVisualStudioVersion = 10.0.40219.1
Project("{9A19103F-16F7-4668-BE54-9A1E7A4F7556}") = "FakeFutbin.Web", "FakeFutbin.Web\FakeFutbin.Web.csproj", "{4E3A967A-ED9E-44B2-ACEA-EE68D5F97852}"
EndProject
Project("{9A19103F-16F7-4668-BE54-9A1E7A4F7556}") = "FakeFutbin.Api", "FakeFutbin.Api\FakeFutbin.Api.csproj", "{765A33AB-FDA8-4999-8B3D-98E7CD39E2D1}"
EndProject
Project("{FAE04EC0-301F-11D3-BF4B-00C04F79EFBC}") = "FakeFutbin.Models", "FakeFutbin.Models\FakeFutbin.Models.csproj", "{077310FB-BB8D-46EF-A109-229ACA18D5DC}"
EndProject
Global
	GlobalSection(SolutionConfigurationPlatforms) = preSolution
		Debug|Any CPU = Debug|Any CPU
		Release|Any CPU = Release|Any CPU
	EndGlobalSection
	GlobalSection(ProjectConfigurationPlatforms) = postSolution
		{4E3A967A-ED9E-44B2-ACEA-EE68D5F97852}.Debug|Any CPU.ActiveCfg = Debug|Any CPU
		{4E3A967A-ED9E-44B2-ACEA-EE68D5F97852}.Debug|Any CPU.Build.0 = Debug|Any CPU
		{4E3A967A-ED9E-44B2-ACEA-EE68D5F97852}.Release|Any CPU.ActiveCfg = Release|Any CPU
		{4E3A967A-ED9E-44B2-ACEA-EE68D5F97852}.Release|Any CPU.Build.0 = Release|Any CPU
		{765A33AB-FDA8-4999-8B3D-98E7CD39E2D1}.Debug|Any CPU.ActiveCfg = Debug|Any CPU
		{765A33AB-FDA8-4999-8B3D-98E7CD39E2D1}.Debug|Any CPU.Build.0 = Debug|Any CPU
		{765A33AB-FDA8-4999-8B3D-98E7CD39E2D1}.Release|Any CPU.ActiveCfg = Release|Any CPU
		{765A33AB-FDA8-4999-8B3D-98E7CD39E2D1}.Release|Any CPU.Build.0 = Release|Any CPU
		{077310FB-BB8D-46EF-A109-229ACA18D5DC}.Debug|Any CPU.ActiveCfg = Debug|Any CPU
		{077310FB-BB8D-46EF-A109-229ACA18D5DC}.Debug|Any CPU.Build.0 = Debug|Any CPU
		{077310FB-BB8D-46EF-A109-229ACA18D5DC}.Release|Any CPU.ActiveCfg = Release|Any CPU
		{077310FB-BB8D-46EF-A109-229ACA18D5DC}.Release|Any CPU.Build.0 = Release|Any CPU
	EndGlobalSection
	GlobalSection(SolutionProperties) = preSolution
		HideSolutionNode = FALSE
	EndGlobalSection
	GlobalSection(ExtensibilityGlobals) = postSolution
		SolutionGuid = {57262B9C-66F5-4B73-A379-8A3AE7C3138B}
	EndGlobalSection
EndGlobal
